
Microsoft Visual Studio Solution File, Format Version 12.00
# Visual Studio Version 17
VisualStudioVersion = 17.3.32929.385
MinimumVisualStudioVersion = 10.0.40219.1
Project("{FAE04EC0-301F-11D3-BF4B-00C04F79EFBC}") = "projeto_final", "projeto_final\projeto_final.csproj", "{D2F485B5-CAB6-4F2A-B43B-2AA7036C6B86}"
EndProject
Global
	GlobalSection(SolutionConfigurationPlatforms) = preSolution
		Debug|Any CPU = Debug|Any CPU
		Release|Any CPU = Release|Any CPU
	EndGlobalSection
	GlobalSection(ProjectConfigurationPlatforms) = postSolution
		{D2F485B5-CAB6-4F2A-B43B-2AA7036C6B86}.Debug|Any CPU.ActiveCfg = Debug|Any CPU
		{D2F485B5-CAB6-4F2A-B43B-2AA7036C6B86}.Debug|Any CPU.Build.0 = Debug|Any CPU
		{D2F485B5-CAB6-4F2A-B43B-2AA7036C6B86}.Release|Any CPU.ActiveCfg = Release|Any CPU
		{D2F485B5-CAB6-4F2A-B43B-2AA7036C6B86}.Release|Any CPU.Build.0 = Release|Any CPU
	EndGlobalSection
	GlobalSection(SolutionProperties) = preSolution
		HideSolutionNode = FALSE
	EndGlobalSection
	GlobalSection(ExtensibilityGlobals) = postSolution
		SolutionGuid = {FF0565E3-7F91-42A3-980C-33696F194BD8}
	EndGlobalSection
EndGlobal
